
Microsoft Visual Studio Solution File, Format Version 12.00
# Visual Studio Version 16
VisualStudioVersion = 16.0.31205.134
MinimumVisualStudioVersion = 10.0.40219.1
Project("{FAE04EC0-301F-11D3-BF4B-00C04F79EFBC}") = "Customer.API", "Customer.API\Customer.API.csproj", "{36922654-ED2D-47FB-92A1-A02953E45399}"
EndProject
Project("{FAE04EC0-301F-11D3-BF4B-00C04F79EFBC}") = "RetailBankingSystemClient", "RetailBankingSystemClient\RetailBankingSystemClient.csproj", "{41B2DA21-F38D-4EEB-AD6C-5C53D8326969}"
EndProject
Global
	GlobalSection(SolutionConfigurationPlatforms) = preSolution
		Debug|Any CPU = Debug|Any CPU
		Release|Any CPU = Release|Any CPU
	EndGlobalSection
	GlobalSection(ProjectConfigurationPlatforms) = postSolution
		{36922654-ED2D-47FB-92A1-A02953E45399}.Debug|Any CPU.ActiveCfg = Debug|Any CPU
		{36922654-ED2D-47FB-92A1-A02953E45399}.Debug|Any CPU.Build.0 = Debug|Any CPU
		{36922654-ED2D-47FB-92A1-A02953E45399}.Release|Any CPU.ActiveCfg = Release|Any CPU
		{36922654-ED2D-47FB-92A1-A02953E45399}.Release|Any CPU.Build.0 = Release|Any CPU
		{3EC3DE97-2DF7-4EE8-8E67-0D043F85F2C7}.Debug|Any CPU.ActiveCfg = Debug|Any CPU
		{3EC3DE97-2DF7-4EE8-8E67-0D043F85F2C7}.Debug|Any CPU.Build.0 = Debug|Any CPU
		{3EC3DE97-2DF7-4EE8-8E67-0D043F85F2C7}.Release|Any CPU.ActiveCfg = Release|Any CPU
		{3EC3DE97-2DF7-4EE8-8E67-0D043F85F2C7}.Release|Any CPU.Build.0 = Release|Any CPU
		{3DED4DB6-E7E5-4C8E-A4F8-23F3584EDF18}.Debug|Any CPU.ActiveCfg = Debug|Any CPU
		{3DED4DB6-E7E5-4C8E-A4F8-23F3584EDF18}.Debug|Any CPU.Build.0 = Debug|Any CPU
		{3DED4DB6-E7E5-4C8E-A4F8-23F3584EDF18}.Release|Any CPU.ActiveCfg = Release|Any CPU
		{3DED4DB6-E7E5-4C8E-A4F8-23F3584EDF18}.Release|Any CPU.Build.0 = Release|Any CPU
		{EED73B32-6C44-4B63-8AAA-AD69D0361CCC}.Debug|Any CPU.ActiveCfg = Debug|Any CPU
		{EED73B32-6C44-4B63-8AAA-AD69D0361CCC}.Debug|Any CPU.Build.0 = Debug|Any CPU
		{EED73B32-6C44-4B63-8AAA-AD69D0361CCC}.Release|Any CPU.ActiveCfg = Release|Any CPU
		{EED73B32-6C44-4B63-8AAA-AD69D0361CCC}.Release|Any CPU.Build.0 = Release|Any CPU
		{41B2DA21-F38D-4EEB-AD6C-5C53D8326969}.Debug|Any CPU.ActiveCfg = Debug|Any CPU
		{41B2DA21-F38D-4EEB-AD6C-5C53D8326969}.Debug|Any CPU.Build.0 = Debug|Any CPU
		{41B2DA21-F38D-4EEB-AD6C-5C53D8326969}.Release|Any CPU.ActiveCfg = Release|Any CPU
		{41B2DA21-F38D-4EEB-AD6C-5C53D8326969}.Release|Any CPU.Build.0 = Release|Any CPU
	EndGlobalSection
	GlobalSection(SolutionProperties) = preSolution
		HideSolutionNode = FALSE
	EndGlobalSection
	GlobalSection(ExtensibilityGlobals) = postSolution
		SolutionGuid = {5AA6D2D7-1A16-4DD9-BA94-C89470B75EDE}
	EndGlobalSection
EndGlobal
